{
  "name": "testAjs",
  "lockfileVersion": 3,
  "requires": true,
  "packages": {
    "": {
      "dependencies": {
        "@jekarobot/ajs": "^1.0.0"
      }
    },
    "node_modules/@jekarobot/ajs": {
      "version": "1.0.0",
      "resolved": "https://npm.pkg.github.com/download/@jekarobot/ajs/1.0.0/1bd0824389ba8c0ab28dbfbae76bf685442c0a48",
      "integrity": "sha512-pSkfYLZmlzJ7tPOytMEm4kDPnH4jQAQiaargY3wkiOAQarErMw3d3THlmxGJkX8ZCV6VqEGUG0vMutDCn5yZcw==",
      "license": "ISC"
    }
  }
}
